
Microsoft Visual Studio Solution File, Format Version 12.00
# Visual Studio 2012
Project("{FAE04EC0-301F-11D3-BF4B-00C04F79EFBC}") = "FC.Framework", "FC.Framework.csproj", "{68CFBBF1-AD19-423C-BBDD-84D937E88B8E}"
EndProject
Project("{2150E333-8FDC-42A3-9474-1A3956D46DE8}") = "Plusins", "Plusins", "{3F232C00-9EC4-45AA-8959-761B1FF92380}"
EndProject
Project("{FAE04EC0-301F-11D3-BF4B-00C04F79EFBC}") = "FC.Framework.Autofac", "Plusins\Autofac\FC.Framework.Autofac.csproj", "{841C4B00-F798-4E1E-BEBB-ADA810D85C0E}"
EndProject
Project("{FAE04EC0-301F-11D3-BF4B-00C04F79EFBC}") = "FC.Framework.NHibernate", "Plusins\NHibernate\FC.Framework.NHibernate.csproj", "{A42C0FF7-37CA-4287-9991-6A802827DF4C}"
EndProject
Project("{FAE04EC0-301F-11D3-BF4B-00C04F79EFBC}") = "FC.Framework.CouchbaseCache", "Plusins\CouchbaseCache\FC.Framework.CouchbaseCache.csproj", "{67D85270-388E-4D95-951B-67C8F3ADAE53}"
EndProject
Project("{FAE04EC0-301F-11D3-BF4B-00C04F79EFBC}") = "FC.Framework.Log4net", "Plusins\Log4net\FC.Framework.Log4net.csproj", "{E7AA76D6-B29E-4F79-9123-7E3C802BFBBD}"
EndProject
Project("{FAE04EC0-301F-11D3-BF4B-00C04F79EFBC}") = "FC.Framework.RabbitMQ", "Plusins\RabbitMQ\FC.Framework.RabbitMQ.csproj", "{F368190C-1DA1-4BE4-8C60-4B416C9DC5E9}"
EndProject
Project("{FAE04EC0-301F-11D3-BF4B-00C04F79EFBC}") = "FC.Framework.EntityFramework", "Plusins\EntityFramework\FC.Framework.EntityFramework.csproj", "{9D7DA8E2-F5BC-4B25-9D94-26F0FD899959}"
EndProject
Project("{FAE04EC0-301F-11D3-BF4B-00C04F79EFBC}") = "FC.Framework.EnterpriseLibrary", "Plusins\EnterpriseLibrary\FC.Framework.EnterpriseLibrary.csproj", "{7CD88469-2D27-45EA-AB80-2712AB19418F}"
EndProject
Project("{FAE04EC0-301F-11D3-BF4B-00C04F79EFBC}") = "FC.Framework.CouchCache.UnitTest", "Plusins\UnitTest\FC.Framework.CouchCache.UnitTest\FC.Framework.CouchCache.UnitTest.csproj", "{6BAE4C90-E94B-4A42-913D-D7C77954AD27}"
EndProject
Project("{2150E333-8FDC-42A3-9474-1A3956D46DE8}") = "Library", "Library", "{A85305BE-77B1-4253-A11D-CDD3953662EE}"
	ProjectSection(SolutionItems) = preProject
		Library\HibernatingRhinos.Profiler.Appender.dll = Library\HibernatingRhinos.Profiler.Appender.dll
	EndProjectSection
EndProject
Global
	GlobalSection(SolutionConfigurationPlatforms) = preSolution
		Debug|Any CPU = Debug|Any CPU
		Release|Any CPU = Release|Any CPU
	EndGlobalSection
	GlobalSection(ProjectConfigurationPlatforms) = postSolution
		{68CFBBF1-AD19-423C-BBDD-84D937E88B8E}.Debug|Any CPU.ActiveCfg = Debug|Any CPU
		{68CFBBF1-AD19-423C-BBDD-84D937E88B8E}.Debug|Any CPU.Build.0 = Debug|Any CPU
		{68CFBBF1-AD19-423C-BBDD-84D937E88B8E}.Release|Any CPU.ActiveCfg = Release|Any CPU
		{68CFBBF1-AD19-423C-BBDD-84D937E88B8E}.Release|Any CPU.Build.0 = Release|Any CPU
		{841C4B00-F798-4E1E-BEBB-ADA810D85C0E}.Debug|Any CPU.ActiveCfg = Debug|Any CPU
		{841C4B00-F798-4E1E-BEBB-ADA810D85C0E}.Debug|Any CPU.Build.0 = Debug|Any CPU
		{841C4B00-F798-4E1E-BEBB-ADA810D85C0E}.Release|Any CPU.ActiveCfg = Release|Any CPU
		{841C4B00-F798-4E1E-BEBB-ADA810D85C0E}.Release|Any CPU.Build.0 = Release|Any CPU
		{A42C0FF7-37CA-4287-9991-6A802827DF4C}.Debug|Any CPU.ActiveCfg = Debug|Any CPU
		{A42C0FF7-37CA-4287-9991-6A802827DF4C}.Debug|Any CPU.Build.0 = Debug|Any CPU
		{A42C0FF7-37CA-4287-9991-6A802827DF4C}.Release|Any CPU.ActiveCfg = Release|Any CPU
		{A42C0FF7-37CA-4287-9991-6A802827DF4C}.Release|Any CPU.Build.0 = Release|Any CPU
		{67D85270-388E-4D95-951B-67C8F3ADAE53}.Debug|Any CPU.ActiveCfg = Debug|Any CPU
		{67D85270-388E-4D95-951B-67C8F3ADAE53}.Debug|Any CPU.Build.0 = Debug|Any CPU
		{67D85270-388E-4D95-951B-67C8F3ADAE53}.Release|Any CPU.ActiveCfg = Release|Any CPU
		{67D85270-388E-4D95-951B-67C8F3ADAE53}.Release|Any CPU.Build.0 = Release|Any CPU
		{E7AA76D6-B29E-4F79-9123-7E3C802BFBBD}.Debug|Any CPU.ActiveCfg = Debug|Any CPU
		{E7AA76D6-B29E-4F79-9123-7E3C802BFBBD}.Debug|Any CPU.Build.0 = Debug|Any CPU
		{E7AA76D6-B29E-4F79-9123-7E3C802BFBBD}.Release|Any CPU.ActiveCfg = Release|Any CPU
		{E7AA76D6-B29E-4F79-9123-7E3C802BFBBD}.Release|Any CPU.Build.0 = Release|Any CPU
		{F368190C-1DA1-4BE4-8C60-4B416C9DC5E9}.Debug|Any CPU.ActiveCfg = Debug|Any CPU
		{F368190C-1DA1-4BE4-8C60-4B416C9DC5E9}.Debug|Any CPU.Build.0 = Debug|Any CPU
		{F368190C-1DA1-4BE4-8C60-4B416C9DC5E9}.Release|Any CPU.ActiveCfg = Release|Any CPU
		{F368190C-1DA1-4BE4-8C60-4B416C9DC5E9}.Release|Any CPU.Build.0 = Release|Any CPU
		{9D7DA8E2-F5BC-4B25-9D94-26F0FD899959}.Debug|Any CPU.ActiveCfg = Debug|Any CPU
		{9D7DA8E2-F5BC-4B25-9D94-26F0FD899959}.Debug|Any CPU.Build.0 = Debug|Any CPU
		{9D7DA8E2-F5BC-4B25-9D94-26F0FD899959}.Release|Any CPU.ActiveCfg = Release|Any CPU
		{9D7DA8E2-F5BC-4B25-9D94-26F0FD899959}.Release|Any CPU.Build.0 = Release|Any CPU
		{7CD88469-2D27-45EA-AB80-2712AB19418F}.Debug|Any CPU.ActiveCfg = Debug|Any CPU
		{7CD88469-2D27-45EA-AB80-2712AB19418F}.Debug|Any CPU.Build.0 = Debug|Any CPU
		{7CD88469-2D27-45EA-AB80-2712AB19418F}.Release|Any CPU.ActiveCfg = Release|Any CPU
		{7CD88469-2D27-45EA-AB80-2712AB19418F}.Release|Any CPU.Build.0 = Release|Any CPU
		{6BAE4C90-E94B-4A42-913D-D7C77954AD27}.Debug|Any CPU.ActiveCfg = Debug|Any CPU
		{6BAE4C90-E94B-4A42-913D-D7C77954AD27}.Debug|Any CPU.Build.0 = Debug|Any CPU
		{6BAE4C90-E94B-4A42-913D-D7C77954AD27}.Release|Any CPU.ActiveCfg = Release|Any CPU
		{6BAE4C90-E94B-4A42-913D-D7C77954AD27}.Release|Any CPU.Build.0 = Release|Any CPU
	EndGlobalSection
	GlobalSection(SolutionProperties) = preSolution
		HideSolutionNode = FALSE
	EndGlobalSection
	GlobalSection(NestedProjects) = preSolution
		{841C4B00-F798-4E1E-BEBB-ADA810D85C0E} = {3F232C00-9EC4-45AA-8959-761B1FF92380}
		{A42C0FF7-37CA-4287-9991-6A802827DF4C} = {3F232C00-9EC4-45AA-8959-761B1FF92380}
		{67D85270-388E-4D95-951B-67C8F3ADAE53} = {3F232C00-9EC4-45AA-8959-761B1FF92380}
		{E7AA76D6-B29E-4F79-9123-7E3C802BFBBD} = {3F232C00-9EC4-45AA-8959-761B1FF92380}
		{F368190C-1DA1-4BE4-8C60-4B416C9DC5E9} = {3F232C00-9EC4-45AA-8959-761B1FF92380}
		{9D7DA8E2-F5BC-4B25-9D94-26F0FD899959} = {3F232C00-9EC4-45AA-8959-761B1FF92380}
		{7CD88469-2D27-45EA-AB80-2712AB19418F} = {3F232C00-9EC4-45AA-8959-761B1FF92380}
		{6BAE4C90-E94B-4A42-913D-D7C77954AD27} = {3F232C00-9EC4-45AA-8959-761B1FF92380}
	EndGlobalSection
EndGlobal
